github.com/squee1945/deps-ip-weather v1.1.0 h1:1jwazveYzUY6OIgGTow1JoxNTpPJGhF+M07fm7e7YX0=
github.com/squee1945/deps-ip-weather v1.1.0/go.mod h1:KQ4+dIg1lr15FuY6Pt5+ELUcWdBY02k56x/ao5aMMHo=
github.com/squee1945/deps-ip-weather v1.1.33 h1:lL7bQBbJ43erBKGoLb8xSSG2eh/xjJMB+cr0vOqH+cc=
github.com/squee1945/deps-ip-weather v1.1.33/go.mod h1:KQ4+dIg1lr15FuY6Pt5+ELUcWdBY02k56x/ao5aMMHo=
