github.com/squee1945/deps-ip-weather v1.1.0 h1:1jwazveYzUY6OIgGTow1JoxNTpPJGhF+M07fm7e7YX0=
github.com/squee1945/deps-ip-weather v1.1.0/go.mod h1:KQ4+dIg1lr15FuY6Pt5+ELUcWdBY02k56x/ao5aMMHo=
github.com/squee1945/deps-ip-weather v1.1.34 h1:GZQub9ljG7nvE/T0Z5+8x2GJm0ZV50yr1ywM9KWMNKQ=
github.com/squee1945/deps-ip-weather v1.1.34/go.mod h1:KQ4+dIg1lr15FuY6Pt5+ELUcWdBY02k56x/ao5aMMHo=
